// !$*UTF8*$!
{
	archiveVersion = 1;
	classes = {
	};
	objectVersion = 56;
	objects = {

/* Begin PBXBuildFile section */
		9C944B4C2B6B4DAE00CD8820 /* Theme.swift in Sources */ = {isa = PBXBuildFile; fileRef = 9C944B4B2B6B4DAE00CD8820 /* Theme.swift */; };
		9C944B4E2B6B50F700CD8820 /* DailyScrum.swift in Sources */ = {isa = PBXBuildFile; fileRef = 9C944B4D2B6B50F700CD8820 /* DailyScrum.swift */; };
		9C944B502B6B529900CD8820 /* CardView.swift in Sources */ = {isa = PBXBuildFile; fileRef = 9C944B4F2B6B529900CD8820 /* CardView.swift */; };
		9C944B522B6B70AE00CD8820 /* TrailingIconLabelStyle.swift in Sources */ = {isa = PBXBuildFile; fileRef = 9C944B512B6B70AE00CD8820 /* TrailingIconLabelStyle.swift */; };
		9C95B3962B3AF7B200300B2B /* FirstApp.swift in Sources */ = {isa = PBXBuildFile; fileRef = 9C95B3952B3AF7B200300B2B /* FirstApp.swift */; };
		9C95B3982B3AF7B200300B2B /* MeetingView.swift in Sources */ = {isa = PBXBuildFile; fileRef = 9C95B3972B3AF7B200300B2B /* MeetingView.swift */; };
		9C95B39A2B3AF7B300300B2B /* Assets.xcassets in Resources */ = {isa = PBXBuildFile; fileRef = 9C95B3992B3AF7B300300B2B /* Assets.xcassets */; };
		9C95B39D2B3AF7B300300B2B /* Preview Assets.xcassets in Resources */ = {isa = PBXBuildFile; fileRef = 9C95B39C2B3AF7B300300B2B /* Preview Assets.xcassets */; };
		9C95B3A72B3AF7B400300B2B /* FirstTests.swift in Sources */ = {isa = PBXBuildFile; fileRef = 9C95B3A62B3AF7B400300B2B /* FirstTests.swift */; };
		9C95B3B12B3AF7B400300B2B /* FirstUITests.swift in Sources */ = {isa = PBXBuildFile; fileRef = 9C95B3B02B3AF7B400300B2B /* FirstUITests.swift */; };
		9C95B3B32B3AF7B400300B2B /* FirstUITestsLaunchTests.swift in Sources */ = {isa = PBXBuildFile; fileRef = 9C95B3B22B3AF7B400300B2B /* FirstUITestsLaunchTests.swift */; };
		9C99BC942B748AF700D19EC4 /* DetailEditView.swift in Sources */ = {isa = PBXBuildFile; fileRef = 9C99BC932B748AF700D19EC4 /* DetailEditView.swift */; };
		9C9A58B42B75DCFF0014CB29 /* ThemeView.swift in Sources */ = {isa = PBXBuildFile; fileRef = 9C9A58B32B75DCFF0014CB29 /* ThemeView.swift */; };
		9C9A58B62B75E0FF0014CB29 /* ThemePicker.swift in Sources */ = {isa = PBXBuildFile; fileRef = 9C9A58B52B75E0FF0014CB29 /* ThemePicker.swift */; };
		9C9D9F452B79D24A008B5CA7 /* ScrumTimer.swift in Sources */ = {isa = PBXBuildFile; fileRef = 9C9D9F442B79D24A008B5CA7 /* ScrumTimer.swift */; };
		9C9D9F492B79D788008B5CA7 /* GrandChildView.swift in Sources */ = {isa = PBXBuildFile; fileRef = 9C9D9F482B79D788008B5CA7 /* GrandChildView.swift */; };
		9C9D9F4B2B79D88C008B5CA7 /* ParentView.swift in Sources */ = {isa = PBXBuildFile; fileRef = 9C9D9F4A2B79D88C008B5CA7 /* ParentView.swift */; };
		9C9D9F4D2B7DC7E0008B5CA7 /* AVPlayer+Ding.swift in Sources */ = {isa = PBXBuildFile; fileRef = 9C9D9F4C2B7DC7E0008B5CA7 /* AVPlayer+Ding.swift */; };
		9C9D9F4F2B7DCD1A008B5CA7 /* MeetingHeaderView.swift in Sources */ = {isa = PBXBuildFile; fileRef = 9C9D9F4E2B7DCD1A008B5CA7 /* MeetingHeaderView.swift */; };
		9C9D9F512B7DD25D008B5CA7 /* ScrumProgressViewStyle.swift in Sources */ = {isa = PBXBuildFile; fileRef = 9C9D9F502B7DD25D008B5CA7 /* ScrumProgressViewStyle.swift */; };
		9C9D9F532B7DD844008B5CA7 /* MeetingFooterView.swift in Sources */ = {isa = PBXBuildFile; fileRef = 9C9D9F522B7DD844008B5CA7 /* MeetingFooterView.swift */; };
		9C9D9F552B7F24A6008B5CA7 /* NewScrumSheet.swift in Sources */ = {isa = PBXBuildFile; fileRef = 9C9D9F542B7F24A6008B5CA7 /* NewScrumSheet.swift */; };
		9C9D9F572B7F2F39008B5CA7 /* History.swift in Sources */ = {isa = PBXBuildFile; fileRef = 9C9D9F562B7F2F39008B5CA7 /* History.swift */; };
		9CA2DCFF2B709AD9008B6D6D /* ScrumsView.swift in Sources */ = {isa = PBXBuildFile; fileRef = 9CA2DCFE2B709AD9008B6D6D /* ScrumsView.swift */; };
		9CA2DD022B725378008B6D6D /* DetailView.swift in Sources */ = {isa = PBXBuildFile; fileRef = 9CA2DD012B725378008B6D6D /* DetailView.swift */; };
/* End PBXBuildFile section */

/* Begin PBXContainerItemProxy section */
		9C95B3A32B3AF7B400300B2B /* PBXContainerItemProxy */ = {
			isa = PBXContainerItemProxy;
			containerPortal = 9C95B38A2B3AF7B100300B2B /* Project object */;
			proxyType = 1;
			remoteGlobalIDString = 9C95B3912B3AF7B200300B2B;
			remoteInfo = First;
		};
		9C95B3AD2B3AF7B400300B2B /* PBXContainerItemProxy */ = {
			isa = PBXContainerItemProxy;
			containerPortal = 9C95B38A2B3AF7B100300B2B /* Project object */;
			proxyType = 1;
			remoteGlobalIDString = 9C95B3912B3AF7B200300B2B;
			remoteInfo = First;
		};
/* End PBXContainerItemProxy section */

/* Begin PBXFileReference section */
		9C944B4B2B6B4DAE00CD8820 /* Theme.swift */ = {isa = PBXFileReference; lastKnownFileType = sourcecode.swift; path = Theme.swift; sourceTree = "<group>"; };
		9C944B4D2B6B50F700CD8820 /* DailyScrum.swift */ = {isa = PBXFileReference; lastKnownFileType = sourcecode.swift; path = DailyScrum.swift; sourceTree = "<group>"; };
		9C944B4F2B6B529900CD8820 /* CardView.swift */ = {isa = PBXFileReference; lastKnownFileType = sourcecode.swift; path = CardView.swift; sourceTree = "<group>"; };
		9C944B512B6B70AE00CD8820 /* TrailingIconLabelStyle.swift */ = {isa = PBXFileReference; lastKnownFileType = sourcecode.swift; path = TrailingIconLabelStyle.swift; sourceTree = "<group>"; };
		9C95B3922B3AF7B200300B2B /* First.app */ = {isa = PBXFileReference; explicitFileType = wrapper.application; includeInIndex = 0; path = First.app; sourceTree = BUILT_PRODUCTS_DIR; };
		9C95B3952B3AF7B200300B2B /* FirstApp.swift */ = {isa = PBXFileReference; lastKnownFileType = sourcecode.swift; path = FirstApp.swift; sourceTree = "<group>"; };
		9C95B3972B3AF7B200300B2B /* MeetingView.swift */ = {isa = PBXFileReference; lastKnownFileType = sourcecode.swift; path = MeetingView.swift; sourceTree = "<group>"; };
		9C95B3992B3AF7B300300B2B /* Assets.xcassets */ = {isa = PBXFileReference; lastKnownFileType = folder.assetcatalog; path = Assets.xcassets; sourceTree = "<group>"; };
		9C95B39C2B3AF7B300300B2B /* Preview Assets.xcassets */ = {isa = PBXFileReference; lastKnownFileType = folder.assetcatalog; path = "Preview Assets.xcassets"; sourceTree = "<group>"; };
		9C95B3A22B3AF7B400300B2B /* FirstTests.xctest */ = {isa = PBXFileReference; explicitFileType = wrapper.cfbundle; includeInIndex = 0; path = FirstTests.xctest; sourceTree = BUILT_PRODUCTS_DIR; };
		9C95B3A62B3AF7B400300B2B /* FirstTests.swift */ = {isa = PBXFileReference; lastKnownFileType = sourcecode.swift; path = FirstTests.swift; sourceTree = "<group>"; };
		9C95B3AC2B3AF7B400300B2B /* FirstUITests.xctest */ = {isa = PBXFileReference; explicitFileType = wrapper.cfbundle; includeInIndex = 0; path = FirstUITests.xctest; sourceTree = BUILT_PRODUCTS_DIR; };
		9C95B3B02B3AF7B400300B2B /* FirstUITests.swift */ = {isa = PBXFileReference; lastKnownFileType = sourcecode.swift; path = FirstUITests.swift; sourceTree = "<group>"; };
		9C95B3B22B3AF7B400300B2B /* FirstUITestsLaunchTests.swift */ = {isa = PBXFileReference; lastKnownFileType = sourcecode.swift; path = FirstUITestsLaunchTests.swift; sourceTree = "<group>"; };
		9C99BC932B748AF700D19EC4 /* DetailEditView.swift */ = {isa = PBXFileReference; lastKnownFileType = sourcecode.swift; path = DetailEditView.swift; sourceTree = "<group>"; };
		9C9A58B32B75DCFF0014CB29 /* ThemeView.swift */ = {isa = PBXFileReference; lastKnownFileType = sourcecode.swift; path = ThemeView.swift; sourceTree = "<group>"; };
		9C9A58B52B75E0FF0014CB29 /* ThemePicker.swift */ = {isa = PBXFileReference; lastKnownFileType = sourcecode.swift; path = ThemePicker.swift; sourceTree = "<group>"; };
		9C9D9F442B79D24A008B5CA7 /* ScrumTimer.swift */ = {isa = PBXFileReference; lastKnownFileType = sourcecode.swift; path = ScrumTimer.swift; sourceTree = "<group>"; };
		9C9D9F482B79D788008B5CA7 /* GrandChildView.swift */ = {isa = PBXFileReference; lastKnownFileType = sourcecode.swift; path = GrandChildView.swift; sourceTree = "<group>"; };
		9C9D9F4A2B79D88C008B5CA7 /* ParentView.swift */ = {isa = PBXFileReference; lastKnownFileType = sourcecode.swift; path = ParentView.swift; sourceTree = "<group>"; };
		9C9D9F4C2B7DC7E0008B5CA7 /* AVPlayer+Ding.swift */ = {isa = PBXFileReference; lastKnownFileType = sourcecode.swift; path = "AVPlayer+Ding.swift"; sourceTree = "<group>"; };
		9C9D9F4E2B7DCD1A008B5CA7 /* MeetingHeaderView.swift */ = {isa = PBXFileReference; lastKnownFileType = sourcecode.swift; path = MeetingHeaderView.swift; sourceTree = "<group>"; };
		9C9D9F502B7DD25D008B5CA7 /* ScrumProgressViewStyle.swift */ = {isa = PBXFileReference; lastKnownFileType = sourcecode.swift; path = ScrumProgressViewStyle.swift; sourceTree = "<group>"; };
		9C9D9F522B7DD844008B5CA7 /* MeetingFooterView.swift */ = {isa = PBXFileReference; lastKnownFileType = sourcecode.swift; path = MeetingFooterView.swift; sourceTree = "<group>"; };
		9C9D9F542B7F24A6008B5CA7 /* NewScrumSheet.swift */ = {isa = PBXFileReference; lastKnownFileType = sourcecode.swift; path = NewScrumSheet.swift; sourceTree = "<group>"; };
		9C9D9F562B7F2F39008B5CA7 /* History.swift */ = {isa = PBXFileReference; lastKnownFileType = sourcecode.swift; path = History.swift; sourceTree = "<group>"; };
		9CA2DCFE2B709AD9008B6D6D /* ScrumsView.swift */ = {isa = PBXFileReference; lastKnownFileType = sourcecode.swift; path = ScrumsView.swift; sourceTree = "<group>"; };
		9CA2DD012B725378008B6D6D /* DetailView.swift */ = {isa = PBXFileReference; lastKnownFileType = sourcecode.swift; path = DetailView.swift; sourceTree = "<group>"; };
/* End PBXFileReference section */

/* Begin PBXFrameworksBuildPhase section */
		9C95B38F2B3AF7B200300B2B /* Frameworks */ = {
			isa = PBXFrameworksBuildPhase;
			buildActionMask = 2147483647;
			files = (
			);
			runOnlyForDeploymentPostprocessing = 0;
		};
		9C95B39F2B3AF7B400300B2B /* Frameworks */ = {
			isa = PBXFrameworksBuildPhase;
			buildActionMask = 2147483647;
			files = (
			);
			runOnlyForDeploymentPostprocessing = 0;
		};
		9C95B3A92B3AF7B400300B2B /* Frameworks */ = {
			isa = PBXFrameworksBuildPhase;
			buildActionMask = 2147483647;
			files = (
			);
			runOnlyForDeploymentPostprocessing = 0;
		};
/* End PBXFrameworksBuildPhase section */

/* Begin PBXGroup section */
		9C944B4A2B6B4D9700CD8820 /* Models */ = {
			isa = PBXGroup;
			children = (
				9C944B4B2B6B4DAE00CD8820 /* Theme.swift */,
				9C9D9F442B79D24A008B5CA7 /* ScrumTimer.swift */,
				9C9D9F562B7F2F39008B5CA7 /* History.swift */,
				9C944B4D2B6B50F700CD8820 /* DailyScrum.swift */,
				9C9D9F4C2B7DC7E0008B5CA7 /* AVPlayer+Ding.swift */,
			);
			path = Models;
			sourceTree = "<group>";
		};
		9C95B3892B3AF7B100300B2B = {
			isa = PBXGroup;
			children = (
				9C95B3942B3AF7B200300B2B /* First */,
				9C95B3A52B3AF7B400300B2B /* FirstTests */,
				9C95B3AF2B3AF7B400300B2B /* FirstUITests */,
				9C95B3932B3AF7B200300B2B /* Products */,
			);
			sourceTree = "<group>";
		};
		9C95B3932B3AF7B200300B2B /* Products */ = {
			isa = PBXGroup;
			children = (
				9C95B3922B3AF7B200300B2B /* First.app */,
				9C95B3A22B3AF7B400300B2B /* FirstTests.xctest */,
				9C95B3AC2B3AF7B400300B2B /* FirstUITests.xctest */,
			);
			name = Products;
			sourceTree = "<group>";
		};
		9C95B3942B3AF7B200300B2B /* First */ = {
			isa = PBXGroup;
			children = (
				9C944B4A2B6B4D9700CD8820 /* Models */,
				9CA2DD002B70A15D008B6D6D /* Views */,
				9C95B3952B3AF7B200300B2B /* FirstApp.swift */,
				9C95B3992B3AF7B300300B2B /* Assets.xcassets */,
				9C95B39B2B3AF7B300300B2B /* Preview Content */,
			);
			path = First;
			sourceTree = "<group>";
		};
		9C95B39B2B3AF7B300300B2B /* Preview Content */ = {
			isa = PBXGroup;
			children = (
				9C95B39C2B3AF7B300300B2B /* Preview Assets.xcassets */,
			);
			path = "Preview Content";
			sourceTree = "<group>";
		};
		9C95B3A52B3AF7B400300B2B /* FirstTests */ = {
			isa = PBXGroup;
			children = (
				9C95B3A62B3AF7B400300B2B /* FirstTests.swift */,
			);
			path = FirstTests;
			sourceTree = "<group>";
		};
		9C95B3AF2B3AF7B400300B2B /* FirstUITests */ = {
			isa = PBXGroup;
			children = (
				9C95B3B02B3AF7B400300B2B /* FirstUITests.swift */,
				9C95B3B22B3AF7B400300B2B /* FirstUITestsLaunchTests.swift */,
			);
			path = FirstUITests;
			sourceTree = "<group>";
		};
		9C9A58B72B75E51F0014CB29 /* CustomView */ = {
			isa = PBXGroup;
			children = (
				9C944B4F2B6B529900CD8820 /* CardView.swift */,
				9C9A58B32B75DCFF0014CB29 /* ThemeView.swift */,
				9C944B512B6B70AE00CD8820 /* TrailingIconLabelStyle.swift */,
				9C9A58B52B75E0FF0014CB29 /* ThemePicker.swift */,
				9C9D9F502B7DD25D008B5CA7 /* ScrumProgressViewStyle.swift */,
				9C9D9F4E2B7DCD1A008B5CA7 /* MeetingHeaderView.swift */,
				9C9D9F522B7DD844008B5CA7 /* MeetingFooterView.swift */,
			);
			path = CustomView;
			sourceTree = "<group>";
		};
		9CA2DD002B70A15D008B6D6D /* Views */ = {
			isa = PBXGroup;
			children = (
				9C9A58B72B75E51F0014CB29 /* CustomView */,
				9C95B3972B3AF7B200300B2B /* MeetingView.swift */,
				9CA2DCFE2B709AD9008B6D6D /* ScrumsView.swift */,
				9C9D9F542B7F24A6008B5CA7 /* NewScrumSheet.swift */,
				9C9D9F4A2B79D88C008B5CA7 /* ParentView.swift */,
				9C9D9F482B79D788008B5CA7 /* GrandChildView.swift */,
				9CA2DD012B725378008B6D6D /* DetailView.swift */,
				9C99BC932B748AF700D19EC4 /* DetailEditView.swift */,
			);
			path = Views;
			sourceTree = "<group>";
		};
/* End PBXGroup section */

/* Begin PBXNativeTarget section */
		9C95B3912B3AF7B200300B2B /* First */ = {
			isa = PBXNativeTarget;
			buildConfigurationList = 9C95B3B62B3AF7B400300B2B /* Build configuration list for PBXNativeTarget "First" */;
			buildPhases = (
				9C95B38E2B3AF7B200300B2B /* Sources */,
				9C95B38F2B3AF7B200300B2B /* Frameworks */,
				9C95B3902B3AF7B200300B2B /* Resources */,
			);
			buildRules = (
			);
			dependencies = (
			);
			name = First;
			productName = First;
			productReference = 9C95B3922B3AF7B200300B2B /* First.app */;
			productType = "com.apple.product-type.application";
		};
		9C95B3A12B3AF7B400300B2B /* FirstTests */ = {
			isa = PBXNativeTarget;
			buildConfigurationList = 9C95B3B92B3AF7B400300B2B /* Build configuration list for PBXNativeTarget "FirstTests" */;
			buildPhases = (
				9C95B39E2B3AF7B400300B2B /* Sources */,
				9C95B39F2B3AF7B400300B2B /* Frameworks */,
				9C95B3A02B3AF7B400300B2B /* Resources */,
			);
			buildRules = (
			);
			dependencies = (
				9C95B3A42B3AF7B400300B2B /* PBXTargetDependency */,
			);
			name = FirstTests;
			productName = FirstTests;
			productReference = 9C95B3A22B3AF7B400300B2B /* FirstTests.xctest */;
			productType = "com.apple.product-type.bundle.unit-test";
		};
		9C95B3AB2B3AF7B400300B2B /* FirstUITests */ = {
			isa = PBXNativeTarget;
			buildConfigurationList = 9C95B3BC2B3AF7B400300B2B /* Build configuration list for PBXNativeTarget "FirstUITests" */;
			buildPhases = (
				9C95B3A82B3AF7B400300B2B /* Sources */,
				9C95B3A92B3AF7B400300B2B /* Frameworks */,
				9C95B3AA2B3AF7B400300B2B /* Resources */,
			);
			buildRules = (
			);
			dependencies = (
				9C95B3AE2B3AF7B400300B2B /* PBXTargetDependency */,
			);
			name = FirstUITests;
			productName = FirstUITests;
			productReference = 9C95B3AC2B3AF7B400300B2B /* FirstUITests.xctest */;
			productType = "com.apple.product-type.bundle.ui-testing";
		};
/* End PBXNativeTarget section */

/* Begin PBXProject section */
		9C95B38A2B3AF7B100300B2B /* Project object */ = {
			isa = PBXProject;
			attributes = {
				BuildIndependentTargetsInParallel = 1;
				LastSwiftUpdateCheck = 1500;
				LastUpgradeCheck = 1500;
				TargetAttributes = {
					9C95B3912B3AF7B200300B2B = {
						CreatedOnToolsVersion = 15.0.1;
					};
					9C95B3A12B3AF7B400300B2B = {
						CreatedOnToolsVersion = 15.0.1;
						TestTargetID = 9C95B3912B3AF7B200300B2B;
					};
					9C95B3AB2B3AF7B400300B2B = {
						CreatedOnToolsVersion = 15.0.1;
						TestTargetID = 9C95B3912B3AF7B200300B2B;
					};
				};
			};
			buildConfigurationList = 9C95B38D2B3AF7B100300B2B /* Build configuration list for PBXProject "First" */;
			compatibilityVersion = "Xcode 14.0";
			developmentRegion = en;
			hasScannedForEncodings = 0;
			knownRegions = (
				en,
				Base,
			);
			mainGroup = 9C95B3892B3AF7B100300B2B;
			productRefGroup = 9C95B3932B3AF7B200300B2B /* Products */;
			projectDirPath = "";
			projectRoot = "";
			targets = (
				9C95B3912B3AF7B200300B2B /* First */,
				9C95B3A12B3AF7B400300B2B /* FirstTests */,
				9C95B3AB2B3AF7B400300B2B /* FirstUITests */,
			);
		};
/* End PBXProject section */

/* Begin PBXResourcesBuildPhase section */
		9C95B3902B3AF7B200300B2B /* Resources */ = {
			isa = PBXResourcesBuildPhase;
			buildActionMask = 2147483647;
			files = (
				9C95B39D2B3AF7B300300B2B /* Preview Assets.xcassets in Resources */,
				9C95B39A2B3AF7B300300B2B /* Assets.xcassets in Resources */,
			);
			runOnlyForDeploymentPostprocessing = 0;
		};
		9C95B3A02B3AF7B400300B2B /* Resources */ = {
			isa = PBXResourcesBuildPhase;
			buildActionMask = 2147483647;
			files = (
			);
			runOnlyForDeploymentPostprocessing = 0;
		};
		9C95B3AA2B3AF7B400300B2B /* Resources */ = {
			isa = PBXResourcesBuildPhase;
			buildActionMask = 2147483647;
			files = (
			);
			runOnlyForDeploymentPostprocessing = 0;
		};
/* End PBXResourcesBuildPhase section */

/* Begin PBXSourcesBuildPhase section */
		9C95B38E2B3AF7B200300B2B /* Sources */ = {
			isa = PBXSourcesBuildPhase;
			buildActionMask = 2147483647;
			files = (
				9C9A58B62B75E0FF0014CB29 /* ThemePicker.swift in Sources */,
				9C9D9F512B7DD25D008B5CA7 /* ScrumProgressViewStyle.swift in Sources */,
				9C944B4E2B6B50F700CD8820 /* DailyScrum.swift in Sources */,
				9CA2DD022B725378008B6D6D /* DetailView.swift in Sources */,
				9C99BC942B748AF700D19EC4 /* DetailEditView.swift in Sources */,
				9C9D9F4D2B7DC7E0008B5CA7 /* AVPlayer+Ding.swift in Sources */,
				9C9D9F4B2B79D88C008B5CA7 /* ParentView.swift in Sources */,
				9C9D9F552B7F24A6008B5CA7 /* NewScrumSheet.swift in Sources */,
				9C944B522B6B70AE00CD8820 /* TrailingIconLabelStyle.swift in Sources */,
				9C944B4C2B6B4DAE00CD8820 /* Theme.swift in Sources */,
				9C9D9F452B79D24A008B5CA7 /* ScrumTimer.swift in Sources */,
				9C9D9F492B79D788008B5CA7 /* GrandChildView.swift in Sources */,
				9C9D9F532B7DD844008B5CA7 /* MeetingFooterView.swift in Sources */,
				9CA2DCFF2B709AD9008B6D6D /* ScrumsView.swift in Sources */,
				9C9D9F572B7F2F39008B5CA7 /* History.swift in Sources */,
				9C95B3982B3AF7B200300B2B /* MeetingView.swift in Sources */,
				9C95B3962B3AF7B200300B2B /* FirstApp.swift in Sources */,
				9C9A58B42B75DCFF0014CB29 /* ThemeView.swift in Sources */,
				9C944B502B6B529900CD8820 /* CardView.swift in Sources */,
				9C9D9F4F2B7DCD1A008B5CA7 /* MeetingHeaderView.swift in Sources */,
			);
			runOnlyForDeploymentPostprocessing = 0;
		};
		9C95B39E2B3AF7B400300B2B /* Sources */ = {
			isa = PBXSourcesBuildPhase;
			buildActionMask = 2147483647;
			files = (
				9C95B3A72B3AF7B400300B2B /* FirstTests.swift in Sources */,
			);
			runOnlyForDeploymentPostprocessing = 0;
		};
		9C95B3A82B3AF7B400300B2B /* Sources */ = {
			isa = PBXSourcesBuildPhase;
			buildActionMask = 2147483647;
			files = (
				9C95B3B12B3AF7B400300B2B /* FirstUITests.swift in Sources */,
				9C95B3B32B3AF7B400300B2B /* FirstUITestsLaunchTests.swift in Sources */,
			);
			runOnlyForDeploymentPostprocessing = 0;
		};
/* End PBXSourcesBuildPhase section */

/* Begin PBXTargetDependency section */
		9C95B3A42B3AF7B400300B2B /* PBXTargetDependency */ = {
			isa = PBXTargetDependency;
			target = 9C95B3912B3AF7B200300B2B /* First */;
			targetProxy = 9C95B3A32B3AF7B400300B2B /* PBXContainerItemProxy */;
		};
		9C95B3AE2B3AF7B400300B2B /* PBXTargetDependency */ = {
			isa = PBXTargetDependency;
			target = 9C95B3912B3AF7B200300B2B /* First */;
			targetProxy = 9C95B3AD2B3AF7B400300B2B /* PBXContainerItemProxy */;
		};
/* End PBXTargetDependency section */

/* Begin XCBuildConfiguration section */
		9C95B3B42B3AF7B400300B2B /* Debug */ = {
			isa = XCBuildConfiguration;
			buildSettings = {
				ALWAYS_SEARCH_USER_PATHS = NO;
				ASSETCATALOG_COMPILER_GENERATE_SWIFT_ASSET_SYMBOL_EXTENSIONS = YES;
				CLANG_ANALYZER_NONNULL = YES;
				CLANG_ANALYZER_NUMBER_OBJECT_CONVERSION = YES_AGGRESSIVE;
				CLANG_CXX_LANGUAGE_STANDARD = "gnu++20";
				CLANG_ENABLE_MODULES = YES;
				CLANG_ENABLE_OBJC_ARC = YES;
				CLANG_ENABLE_OBJC_WEAK = YES;
				CLANG_WARN_BLOCK_CAPTURE_AUTORELEASING = YES;
				CLANG_WARN_BOOL_CONVERSION = YES;
				CLANG_WARN_COMMA = YES;
				CLANG_WARN_CONSTANT_CONVERSION = YES;
				CLANG_WARN_DEPRECATED_OBJC_IMPLEMENTATIONS = YES;
				CLANG_WARN_DIRECT_OBJC_ISA_USAGE = YES_ERROR;
				CLANG_WARN_DOCUMENTATION_COMMENTS = YES;
				CLANG_WARN_EMPTY_BODY = YES;
				CLANG_WARN_ENUM_CONVERSION = YES;
				CLANG_WARN_INFINITE_RECURSION = YES;
				CLANG_WARN_INT_CONVERSION = YES;
				CLANG_WARN_NON_LITERAL_NULL_CONVERSION = YES;
				CLANG_WARN_OBJC_IMPLICIT_RETAIN_SELF = YES;
				CLANG_WARN_OBJC_LITERAL_CONVERSION = YES;
				CLANG_WARN_OBJC_ROOT_CLASS = YES_ERROR;
				CLANG_WARN_QUOTED_INCLUDE_IN_FRAMEWORK_HEADER = YES;
				CLANG_WARN_RANGE_LOOP_ANALYSIS = YES;
				CLANG_WARN_STRICT_PROTOTYPES = YES;
				CLANG_WARN_SUSPICIOUS_MOVE = YES;
				CLANG_WARN_UNGUARDED_AVAILABILITY = YES_AGGRESSIVE;
				CLANG_WARN_UNREACHABLE_CODE = YES;
				CLANG_WARN__DUPLICATE_METHOD_MATCH = YES;
				COPY_PHASE_STRIP = NO;
				DEBUG_INFORMATION_FORMAT = dwarf;
				ENABLE_STRICT_OBJC_MSGSEND = YES;
				ENABLE_TESTABILITY = YES;
				ENABLE_USER_SCRIPT_SANDBOXING = YES;
				GCC_C_LANGUAGE_STANDARD = gnu17;
				GCC_DYNAMIC_NO_PIC = NO;
				GCC_NO_COMMON_BLOCKS = YES;
				GCC_OPTIMIZATION_LEVEL = 0;
				GCC_PREPROCESSOR_DEFINITIONS = (
					"DEBUG=1",
					"$(inherited)",
				);
				GCC_WARN_64_TO_32_BIT_CONVERSION = YES;
				GCC_WARN_ABOUT_RETURN_TYPE = YES_ERROR;
				GCC_WARN_UNDECLARED_SELECTOR = YES;
				GCC_WARN_UNINITIALIZED_AUTOS = YES_AGGRESSIVE;
				GCC_WARN_UNUSED_FUNCTION = YES;
				GCC_WARN_UNUSED_VARIABLE = YES;
				IPHONEOS_DEPLOYMENT_TARGET = 17.0;
				LOCALIZATION_PREFERS_STRING_CATALOGS = YES;
				MTL_ENABLE_DEBUG_INFO = INCLUDE_SOURCE;
				MTL_FAST_MATH = YES;
				ONLY_ACTIVE_ARCH = YES;
				SDKROOT = iphoneos;
				SWIFT_ACTIVE_COMPILATION_CONDITIONS = "DEBUG $(inherited)";
				SWIFT_OPTIMIZATION_LEVEL = "-Onone";
			};
			name = Debug;
		};
		9C95B3B52B3AF7B400300B2B /* Release */ = {
			isa = XCBuildConfiguration;
			buildSettings = {
				ALWAYS_SEARCH_USER_PATHS = NO;
				ASSETCATALOG_COMPILER_GENERATE_SWIFT_ASSET_SYMBOL_EXTENSIONS = YES;
				CLANG_ANALYZER_NONNULL = YES;
				CLANG_ANALYZER_NUMBER_OBJECT_CONVERSION = YES_AGGRESSIVE;
				CLANG_CXX_LANGUAGE_STANDARD = "gnu++20";
				CLANG_ENABLE_MODULES = YES;
				CLANG_ENABLE_OBJC_ARC = YES;
				CLANG_ENABLE_OBJC_WEAK = YES;
				CLANG_WARN_BLOCK_CAPTURE_AUTORELEASING = YES;
				CLANG_WARN_BOOL_CONVERSION = YES;
				CLANG_WARN_COMMA = YES;
				CLANG_WARN_CONSTANT_CONVERSION = YES;
				CLANG_WARN_DEPRECATED_OBJC_IMPLEMENTATIONS = YES;
				CLANG_WARN_DIRECT_OBJC_ISA_USAGE = YES_ERROR;
				CLANG_WARN_DOCUMENTATION_COMMENTS = YES;
				CLANG_WARN_EMPTY_BODY = YES;
				CLANG_WARN_ENUM_CONVERSION = YES;
				CLANG_WARN_INFINITE_RECURSION = YES;
				CLANG_WARN_INT_CONVERSION = YES;
				CLANG_WARN_NON_LITERAL_NULL_CONVERSION = YES;
				CLANG_WARN_OBJC_IMPLICIT_RETAIN_SELF = YES;
				CLANG_WARN_OBJC_LITERAL_CONVERSION = YES;
				CLANG_WARN_OBJC_ROOT_CLASS = YES_ERROR;
				CLANG_WARN_QUOTED_INCLUDE_IN_FRAMEWORK_HEADER = YES;
				CLANG_WARN_RANGE_LOOP_ANALYSIS = YES;
				CLANG_WARN_STRICT_PROTOTYPES = YES;
				CLANG_WARN_SUSPICIOUS_MOVE = YES;
				CLANG_WARN_UNGUARDED_AVAILABILITY = YES_AGGRESSIVE;
				CLANG_WARN_UNREACHABLE_CODE = YES;
				CLANG_WARN__DUPLICATE_METHOD_MATCH = YES;
				COPY_PHASE_STRIP = NO;
				DEBUG_INFORMATION_FORMAT = "dwarf-with-dsym";
				ENABLE_NS_ASSERTIONS = NO;
				ENABLE_STRICT_OBJC_MSGSEND = YES;
				ENABLE_USER_SCRIPT_SANDBOXING = YES;
				GCC_C_LANGUAGE_STANDARD = gnu17;
				GCC_NO_COMMON_BLOCKS = YES;
				GCC_WARN_64_TO_32_BIT_CONVERSION = YES;
				GCC_WARN_ABOUT_RETURN_TYPE = YES_ERROR;
				GCC_WARN_UNDECLARED_SELECTOR = YES;
				GCC_WARN_UNINITIALIZED_AUTOS = YES_AGGRESSIVE;
				GCC_WARN_UNUSED_FUNCTION = YES;
				GCC_WARN_UNUSED_VARIABLE = YES;
				IPHONEOS_DEPLOYMENT_TARGET = 17.0;
				LOCALIZATION_PREFERS_STRING_CATALOGS = YES;
				MTL_ENABLE_DEBUG_INFO = NO;
				MTL_FAST_MATH = YES;
				SDKROOT = iphoneos;
				SWIFT_COMPILATION_MODE = wholemodule;
				VALIDATE_PRODUCT = YES;
			};
			name = Release;
		};
		9C95B3B72B3AF7B400300B2B /* Debug */ = {
			isa = XCBuildConfiguration;
			buildSettings = {
				ASSETCATALOG_COMPILER_APPICON_NAME = AppIcon;
				ASSETCATALOG_COMPILER_GLOBAL_ACCENT_COLOR_NAME = AccentColor;
				CODE_SIGN_STYLE = Automatic;
				CURRENT_PROJECT_VERSION = 1;
				DEVELOPMENT_ASSET_PATHS = "\"First/Preview Content\"";
				DEVELOPMENT_TEAM = KZ9ZFJVL8G;
				ENABLE_PREVIEWS = YES;
				GENERATE_INFOPLIST_FILE = YES;
				INFOPLIST_KEY_UIApplicationSceneManifest_Generation = YES;
				INFOPLIST_KEY_UIApplicationSupportsIndirectInputEvents = YES;
				INFOPLIST_KEY_UILaunchScreen_Generation = YES;
				INFOPLIST_KEY_UISupportedInterfaceOrientations_iPad = "UIInterfaceOrientationPortrait UIInterfaceOrientationPortraitUpsideDown UIInterfaceOrientationLandscapeLeft UIInterfaceOrientationLandscapeRight";
				INFOPLIST_KEY_UISupportedInterfaceOrientations_iPhone = "UIInterfaceOrientationPortrait UIInterfaceOrientationLandscapeLeft UIInterfaceOrientationLandscapeRight";
				IPHONEOS_DEPLOYMENT_TARGET = 16.6;
				LD_RUNPATH_SEARCH_PATHS = (
					"$(inherited)",
					"@executable_path/Frameworks",
				);
				MARKETING_VERSION = 1.0;
				PRODUCT_BUNDLE_IDENTIFIER = ssss.First;
				PRODUCT_NAME = "$(TARGET_NAME)";
				SWIFT_EMIT_LOC_STRINGS = YES;
				SWIFT_VERSION = 5.0;
				TARGETED_DEVICE_FAMILY = "1,2";
			};
			name = Debug;
		};
		9C95B3B82B3AF7B400300B2B /* Release */ = {
			isa = XCBuildConfiguration;
			buildSettings = {
				ASSETCATALOG_COMPILER_APPICON_NAME = AppIcon;
				ASSETCATALOG_COMPILER_GLOBAL_ACCENT_COLOR_NAME = AccentColor;
				CODE_SIGN_STYLE = Automatic;
				CURRENT_PROJECT_VERSION = 1;
				DEVELOPMENT_ASSET_PATHS = "\"First/Preview Content\"";
				DEVELOPMENT_TEAM = KZ9ZFJVL8G;
				ENABLE_PREVIEWS = YES;
				GENERATE_INFOPLIST_FILE = YES;
				INFOPLIST_KEY_UIApplicationSceneManifest_Generation = YES;
				INFOPLIST_KEY_UIApplicationSupportsIndirectInputEvents = YES;
				INFOPLIST_KEY_UILaunchScreen_Generation = YES;
				INFOPLIST_KEY_UISupportedInterfaceOrientations_iPad = "UIInterfaceOrientationPortrait UIInterfaceOrientationPortraitUpsideDown UIInterfaceOrientationLandscapeLeft UIInterfaceOrientationLandscapeRight";
				INFOPLIST_KEY_UISupportedInterfaceOrientations_iPhone = "UIInterfaceOrientationPortrait UIInterfaceOrientationLandscapeLeft UIInterfaceOrientationLandscapeRight";
				IPHONEOS_DEPLOYMENT_TARGET = 16.6;
				LD_RUNPATH_SEARCH_PATHS = (
					"$(inherited)",
					"@executable_path/Frameworks",
				);
				MARKETING_VERSION = 1.0;
				PRODUCT_BUNDLE_IDENTIFIER = ssss.First;
				PRODUCT_NAME = "$(TARGET_NAME)";
				SWIFT_EMIT_LOC_STRINGS = YES;
				SWIFT_VERSION = 5.0;
				TARGETED_DEVICE_FAMILY = "1,2";
			};
			name = Release;
		};
		9C95B3BA2B3AF7B400300B2B /* Debug */ = {
			isa = XCBuildConfiguration;
			buildSettings = {
				ALWAYS_EMBED_SWIFT_STANDARD_LIBRARIES = YES;
				BUNDLE_LOADER = "$(TEST_HOST)";
				CODE_SIGN_STYLE = Automatic;
				CURRENT_PROJECT_VERSION = 1;
				DEVELOPMENT_TEAM = KZ9ZFJVL8G;
				GENERATE_INFOPLIST_FILE = YES;
				IPHONEOS_DEPLOYMENT_TARGET = 17.0;
				MARKETING_VERSION = 1.0;
				PRODUCT_BUNDLE_IDENTIFIER = ssss.FirstTests;
				PRODUCT_NAME = "$(TARGET_NAME)";
				SWIFT_EMIT_LOC_STRINGS = NO;
				SWIFT_VERSION = 5.0;
				TARGETED_DEVICE_FAMILY = "1,2";
				TEST_HOST = "$(BUILT_PRODUCTS_DIR)/First.app/$(BUNDLE_EXECUTABLE_FOLDER_PATH)/First";
			};
			name = Debug;
		};
		9C95B3BB2B3AF7B400300B2B /* Release */ = {
			isa = XCBuildConfiguration;
			buildSettings = {
				ALWAYS_EMBED_SWIFT_STANDARD_LIBRARIES = YES;
				BUNDLE_LOADER = "$(TEST_HOST)";
				CODE_SIGN_STYLE = Automatic;
				CURRENT_PROJECT_VERSION = 1;
				DEVELOPMENT_TEAM = KZ9ZFJVL8G;
				GENERATE_INFOPLIST_FILE = YES;
				IPHONEOS_DEPLOYMENT_TARGET = 17.0;
				MARKETING_VERSION = 1.0;
				PRODUCT_BUNDLE_IDENTIFIER = ssss.FirstTests;
				PRODUCT_NAME = "$(TARGET_NAME)";
				SWIFT_EMIT_LOC_STRINGS = NO;
				SWIFT_VERSION = 5.0;
				TARGETED_DEVICE_FAMILY = "1,2";
				TEST_HOST = "$(BUILT_PRODUCTS_DIR)/First.app/$(BUNDLE_EXECUTABLE_FOLDER_PATH)/First";
			};
			name = Release;
		};
		9C95B3BD2B3AF7B400300B2B /* Debug */ = {
			isa = XCBuildConfiguration;
			buildSettings = {
				ALWAYS_EMBED_SWIFT_STANDARD_LIBRARIES = YES;
				CODE_SIGN_STYLE = Automatic;
				CURRENT_PROJECT_VERSION = 1;
				DEVELOPMENT_TEAM = KZ9ZFJVL8G;
				GENERATE_INFOPLIST_FILE = YES;
				MARKETING_VERSION = 1.0;
				PRODUCT_BUNDLE_IDENTIFIER = ssss.FirstUITests;
				PRODUCT_NAME = "$(TARGET_NAME)";
				SWIFT_EMIT_LOC_STRINGS = NO;
				SWIFT_VERSION = 5.0;
				TARGETED_DEVICE_FAMILY = "1,2";
				TEST_TARGET_NAME = First;
			};
			name = Debug;
		};
		9C95B3BE2B3AF7B400300B2B /* Release */ = {
			isa = XCBuildConfiguration;
			buildSettings = {
				ALWAYS_EMBED_SWIFT_STANDARD_LIBRARIES = YES;
				CODE_SIGN_STYLE = Automatic;
				CURRENT_PROJECT_VERSION = 1;
				DEVELOPMENT_TEAM = KZ9ZFJVL8G;
				GENERATE_INFOPLIST_FILE = YES;
				MARKETING_VERSION = 1.0;
				PRODUCT_BUNDLE_IDENTIFIER = ssss.FirstUITests;
				PRODUCT_NAME = "$(TARGET_NAME)";
				SWIFT_EMIT_LOC_STRINGS = NO;
				SWIFT_VERSION = 5.0;
				TARGETED_DEVICE_FAMILY = "1,2";
				TEST_TARGET_NAME = First;
			};
			name = Release;
		};
/* End XCBuildConfiguration section */

/* Begin XCConfigurationList section */
		9C95B38D2B3AF7B100300B2B /* Build configuration list for PBXProject "First" */ = {
			isa = XCConfigurationList;
			buildConfigurations = (
				9C95B3B42B3AF7B400300B2B /* Debug */,
				9C95B3B52B3AF7B400300B2B /* Release */,
			);
			defaultConfigurationIsVisible = 0;
			defaultConfigurationName = Release;
		};
		9C95B3B62B3AF7B400300B2B /* Build configuration list for PBXNativeTarget "First" */ = {
			isa = XCConfigurationList;
			buildConfigurations = (
				9C95B3B72B3AF7B400300B2B /* Debug */,
				9C95B3B82B3AF7B400300B2B /* Release */,
			);
			defaultConfigurationIsVisible = 0;
			defaultConfigurationName = Release;
		};
		9C95B3B92B3AF7B400300B2B /* Build configuration list for PBXNativeTarget "FirstTests" */ = {
			isa = XCConfigurationList;
			buildConfigurations = (
				9C95B3BA2B3AF7B400300B2B /* Debug */,
				9C95B3BB2B3AF7B400300B2B /* Release */,
			);
			defaultConfigurationIsVisible = 0;
			defaultConfigurationName = Release;
		};
		9C95B3BC2B3AF7B400300B2B /* Build configuration list for PBXNativeTarget "FirstUITests" */ = {
			isa = XCConfigurationList;
			buildConfigurations = (
				9C95B3BD2B3AF7B400300B2B /* Debug */,
				9C95B3BE2B3AF7B400300B2B /* Release */,
			);
			defaultConfigurationIsVisible = 0;
			defaultConfigurationName = Release;
		};
/* End XCConfigurationList section */
	};
	rootObject = 9C95B38A2B3AF7B100300B2B /* Project object */;
}
